
Microsoft Visual Studio Solution File, Format Version 12.00
# Visual Studio Version 16
VisualStudioVersion = 16.0.30523.141
MinimumVisualStudioVersion = 10.0.40219.1
Project("{FAE04EC0-301F-11D3-BF4B-00C04F79EFBC}") = "D365-ConsoleApp", "D365-ConsoleApp.csproj", "{BA429EC2-6329-46C7-B5AC-08A8DE3DF28E}"
EndProject
Global
	GlobalSection(SolutionConfigurationPlatforms) = preSolution
		Debug|Any CPU = Debug|Any CPU
		Release|Any CPU = Release|Any CPU
	EndGlobalSection
	GlobalSection(ProjectConfigurationPlatforms) = postSolution
		{BA429EC2-6329-46C7-B5AC-08A8DE3DF28E}.Debug|Any CPU.ActiveCfg = Debug|Any CPU
		{BA429EC2-6329-46C7-B5AC-08A8DE3DF28E}.Debug|Any CPU.Build.0 = Debug|Any CPU
		{BA429EC2-6329-46C7-B5AC-08A8DE3DF28E}.Release|Any CPU.ActiveCfg = Release|Any CPU
		{BA429EC2-6329-46C7-B5AC-08A8DE3DF28E}.Release|Any CPU.Build.0 = Release|Any CPU
	EndGlobalSection
	GlobalSection(SolutionProperties) = preSolution
		HideSolutionNode = FALSE
	EndGlobalSection
	GlobalSection(ExtensibilityGlobals) = postSolution
		SolutionGuid = {AFA2B7F4-0513-4073-9332-E8C95D4D4E89}
	EndGlobalSection
EndGlobal
